// !$*UTF8*$!
{
	archiveVersion = 1;
	classes = {
	};
	objectVersion = 56;
	objects = {

/* Begin PBXBuildFile section */
		94077A9A2CAA28BC00F7ABD9 /* ScoresListView.swift in Sources */ = {isa = PBXBuildFile; fileRef = 94077A992CAA28BC00F7ABD9 /* ScoresListView.swift */; };
		942B38D62CB401A100863F90 /* success_sound.mp3 in Resources */ = {isa = PBXBuildFile; fileRef = 942B38D52CB401A100863F90 /* success_sound.mp3 */; };
		942B38D82CB406BC00863F90 /* times_up.mp3 in Resources */ = {isa = PBXBuildFile; fileRef = 942B38D72CB406BC00863F90 /* times_up.mp3 */; };
		943864EE2CACAD3000B44D25 /* InfoScreen.swift in Sources */ = {isa = PBXBuildFile; fileRef = 943864ED2CACAD3000B44D25 /* InfoScreen.swift */; };
		9454FC8B2CA85225007026F3 /* GameOver.swift in Sources */ = {isa = PBXBuildFile; fileRef = 9454FC8A2CA85225007026F3 /* GameOver.swift */; };
		94B21D7A2D7F7F29002170C1 /* tap_sound.mp3 in Resources */ = {isa = PBXBuildFile; fileRef = 94B21D792D7F7F29002170C1 /* tap_sound.mp3 */; };
		94C2E2382CAAE78300AEE0EE /* ScoreForm.swift in Sources */ = {isa = PBXBuildFile; fileRef = 94C2E2372CAAE78300AEE0EE /* ScoreForm.swift */; };
		94C2E23B2CAAF27600AEE0EE /* SettingsForm.swift in Sources */ = {isa = PBXBuildFile; fileRef = 94C2E23A2CAAF27600AEE0EE /* SettingsForm.swift */; };
		94C2E23E2CAB434400AEE0EE /* GoogleMobileAds in Frameworks */ = {isa = PBXBuildFile; productRef = 94C2E23D2CAB434400AEE0EE /* GoogleMobileAds */; };
		94C2E2422CAB46DE00AEE0EE /* RewardViewModel.swift in Sources */ = {isa = PBXBuildFile; fileRef = 94C2E2412CAB46DE00AEE0EE /* RewardViewModel.swift */; };
		94C2E2452CAB497200AEE0EE /* AdModalView.swift in Sources */ = {isa = PBXBuildFile; fileRef = 94C2E2442CAB497200AEE0EE /* AdModalView.swift */; };
		94EB3E7C2CA5820B00F29608 /* MathMatchApp.swift in Sources */ = {isa = PBXBuildFile; fileRef = 94EB3E7B2CA5820B00F29608 /* MathMatchApp.swift */; };
		94EB3E7E2CA5820B00F29608 /* ContentView.swift in Sources */ = {isa = PBXBuildFile; fileRef = 94EB3E7D2CA5820B00F29608 /* ContentView.swift */; };
		94EB3E802CA5820B00F29608 /* Score.swift in Sources */ = {isa = PBXBuildFile; fileRef = 94EB3E7F2CA5820B00F29608 /* Score.swift */; };
		94EB3E822CA5820C00F29608 /* Assets.xcassets in Resources */ = {isa = PBXBuildFile; fileRef = 94EB3E812CA5820C00F29608 /* Assets.xcassets */; };
		94EB3E852CA5820C00F29608 /* Preview Assets.xcassets in Resources */ = {isa = PBXBuildFile; fileRef = 94EB3E842CA5820C00F29608 /* Preview Assets.xcassets */; };
		94EB3E8F2CA5820C00F29608 /* MathMatchTests.swift in Sources */ = {isa = PBXBuildFile; fileRef = 94EB3E8E2CA5820C00F29608 /* MathMatchTests.swift */; };
		94EB3E992CA5820C00F29608 /* MathMatchUITests.swift in Sources */ = {isa = PBXBuildFile; fileRef = 94EB3E982CA5820C00F29608 /* MathMatchUITests.swift */; };
		94EB3E9B2CA5820C00F29608 /* MathMatchUITestsLaunchTests.swift in Sources */ = {isa = PBXBuildFile; fileRef = 94EB3E9A2CA5820C00F29608 /* MathMatchUITestsLaunchTests.swift */; };
		94EB3EA92CA582C100F29608 /* TitleScreen.swift in Sources */ = {isa = PBXBuildFile; fileRef = 94EB3EA82CA582C100F29608 /* TitleScreen.swift */; };
		94EB3EAC2CA58A5900F29608 /* CustomButton.swift in Sources */ = {isa = PBXBuildFile; fileRef = 94EB3EAB2CA58A5900F29608 /* CustomButton.swift */; };
		94EB3EAF2CA58EA200F29608 /* GameManager.swift in Sources */ = {isa = PBXBuildFile; fileRef = 94EB3EAE2CA58EA200F29608 /* GameManager.swift */; };
		94EB3EB12CA5915000F29608 /* GameScreen.swift in Sources */ = {isa = PBXBuildFile; fileRef = 94EB3EB02CA5915000F29608 /* GameScreen.swift */; };
		94EB3EB32CA5919F00F29608 /* ScoreboardScreen.swift in Sources */ = {isa = PBXBuildFile; fileRef = 94EB3EB22CA5919F00F29608 /* ScoreboardScreen.swift */; };
		94EB3EB72CA599F000F29608 /* GameGridView.swift in Sources */ = {isa = PBXBuildFile; fileRef = 94EB3EB62CA599F000F29608 /* GameGridView.swift */; };
		94EB3EBB2CA5FED800F29608 /* MathOperandsView.swift in Sources */ = {isa = PBXBuildFile; fileRef = 94EB3EBA2CA5FED800F29608 /* MathOperandsView.swift */; };
		94EB3EBD2CA7421400F29608 /* TimerLineView.swift in Sources */ = {isa = PBXBuildFile; fileRef = 94EB3EBC2CA7421400F29608 /* TimerLineView.swift */; };
		94EB3EBF2CA749BE00F29608 /* OperationPreview.swift in Sources */ = {isa = PBXBuildFile; fileRef = 94EB3EBE2CA749BE00F29608 /* OperationPreview.swift */; };
/* End PBXBuildFile section */

/* Begin PBXContainerItemProxy section */
		94EB3E8B2CA5820C00F29608 /* PBXContainerItemProxy */ = {
			isa = PBXContainerItemProxy;
			containerPortal = 94EB3E702CA5820B00F29608 /* Project object */;
			proxyType = 1;
			remoteGlobalIDString = 94EB3E772CA5820B00F29608;
			remoteInfo = MathMatch;
		};
		94EB3E952CA5820C00F29608 /* PBXContainerItemProxy */ = {
			isa = PBXContainerItemProxy;
			containerPortal = 94EB3E702CA5820B00F29608 /* Project object */;
			proxyType = 1;
			remoteGlobalIDString = 94EB3E772CA5820B00F29608;
			remoteInfo = MathMatch;
		};
/* End PBXContainerItemProxy section */

/* Begin PBXFileReference section */
		94077A992CAA28BC00F7ABD9 /* ScoresListView.swift */ = {isa = PBXFileReference; lastKnownFileType = sourcecode.swift; path = ScoresListView.swift; sourceTree = "<group>"; };
		942B38D52CB401A100863F90 /* success_sound.mp3 */ = {isa = PBXFileReference; lastKnownFileType = audio.mp3; path = success_sound.mp3; sourceTree = "<group>"; };
		942B38D72CB406BC00863F90 /* times_up.mp3 */ = {isa = PBXFileReference; lastKnownFileType = audio.mp3; path = times_up.mp3; sourceTree = "<group>"; };
		943864ED2CACAD3000B44D25 /* InfoScreen.swift */ = {isa = PBXFileReference; lastKnownFileType = sourcecode.swift; path = InfoScreen.swift; sourceTree = "<group>"; };
		9454FC8A2CA85225007026F3 /* GameOver.swift */ = {isa = PBXFileReference; lastKnownFileType = sourcecode.swift; path = GameOver.swift; sourceTree = "<group>"; };
		94B21D792D7F7F29002170C1 /* tap_sound.mp3 */ = {isa = PBXFileReference; lastKnownFileType = audio.mp3; path = tap_sound.mp3; sourceTree = "<group>"; };
		94C2E2372CAAE78300AEE0EE /* ScoreForm.swift */ = {isa = PBXFileReference; lastKnownFileType = sourcecode.swift; path = ScoreForm.swift; sourceTree = "<group>"; };
		94C2E23A2CAAF27600AEE0EE /* SettingsForm.swift */ = {isa = PBXFileReference; lastKnownFileType = sourcecode.swift; path = SettingsForm.swift; sourceTree = "<group>"; };
		94C2E23F2CAB455100AEE0EE /* Info.plist */ = {isa = PBXFileReference; lastKnownFileType = text.plist; path = Info.plist; sourceTree = "<group>"; };
		94C2E2412CAB46DE00AEE0EE /* RewardViewModel.swift */ = {isa = PBXFileReference; lastKnownFileType = sourcecode.swift; path = RewardViewModel.swift; sourceTree = "<group>"; };
		94C2E2442CAB497200AEE0EE /* AdModalView.swift */ = {isa = PBXFileReference; lastKnownFileType = sourcecode.swift; path = AdModalView.swift; sourceTree = "<group>"; };
		94EB3E782CA5820B00F29608 /* MathMixer.app */ = {isa = PBXFileReference; explicitFileType = wrapper.application; includeInIndex = 0; path = MathMixer.app; sourceTree = BUILT_PRODUCTS_DIR; };
		94EB3E7B2CA5820B00F29608 /* MathMatchApp.swift */ = {isa = PBXFileReference; lastKnownFileType = sourcecode.swift; path = MathMatchApp.swift; sourceTree = "<group>"; };
		94EB3E7D2CA5820B00F29608 /* ContentView.swift */ = {isa = PBXFileReference; lastKnownFileType = sourcecode.swift; path = ContentView.swift; sourceTree = "<group>"; };
		94EB3E7F2CA5820B00F29608 /* Score.swift */ = {isa = PBXFileReference; lastKnownFileType = sourcecode.swift; path = Score.swift; sourceTree = "<group>"; };
		94EB3E812CA5820C00F29608 /* Assets.xcassets */ = {isa = PBXFileReference; lastKnownFileType = folder.assetcatalog; path = Assets.xcassets; sourceTree = "<group>"; };
		94EB3E842CA5820C00F29608 /* Preview Assets.xcassets */ = {isa = PBXFileReference; lastKnownFileType = folder.assetcatalog; path = "Preview Assets.xcassets"; sourceTree = "<group>"; };
		94EB3E8A2CA5820C00F29608 /* MathMixerTests.xctest */ = {isa = PBXFileReference; explicitFileType = wrapper.cfbundle; includeInIndex = 0; path = MathMixerTests.xctest; sourceTree = BUILT_PRODUCTS_DIR; };
		94EB3E8E2CA5820C00F29608 /* MathMatchTests.swift */ = {isa = PBXFileReference; lastKnownFileType = sourcecode.swift; path = MathMatchTests.swift; sourceTree = "<group>"; };
		94EB3E942CA5820C00F29608 /* MathMixerUITests.xctest */ = {isa = PBXFileReference; explicitFileType = wrapper.cfbundle; includeInIndex = 0; path = MathMixerUITests.xctest; sourceTree = BUILT_PRODUCTS_DIR; };
		94EB3E982CA5820C00F29608 /* MathMatchUITests.swift */ = {isa = PBXFileReference; lastKnownFileType = sourcecode.swift; path = MathMatchUITests.swift; sourceTree = "<group>"; };
		94EB3E9A2CA5820C00F29608 /* MathMatchUITestsLaunchTests.swift */ = {isa = PBXFileReference; lastKnownFileType = sourcecode.swift; path = MathMatchUITestsLaunchTests.swift; sourceTree = "<group>"; };
		94EB3EA82CA582C100F29608 /* TitleScreen.swift */ = {isa = PBXFileReference; lastKnownFileType = sourcecode.swift; path = TitleScreen.swift; sourceTree = "<group>"; };
		94EB3EAB2CA58A5900F29608 /* CustomButton.swift */ = {isa = PBXFileReference; lastKnownFileType = sourcecode.swift; path = CustomButton.swift; sourceTree = "<group>"; };
		94EB3EAE2CA58EA200F29608 /* GameManager.swift */ = {isa = PBXFileReference; lastKnownFileType = sourcecode.swift; path = GameManager.swift; sourceTree = "<group>"; };
		94EB3EB02CA5915000F29608 /* GameScreen.swift */ = {isa = PBXFileReference; lastKnownFileType = sourcecode.swift; path = GameScreen.swift; sourceTree = "<group>"; };
		94EB3EB22CA5919F00F29608 /* ScoreboardScreen.swift */ = {isa = PBXFileReference; lastKnownFileType = sourcecode.swift; path = ScoreboardScreen.swift; sourceTree = "<group>"; };
		94EB3EB62CA599F000F29608 /* GameGridView.swift */ = {isa = PBXFileReference; lastKnownFileType = sourcecode.swift; path = GameGridView.swift; sourceTree = "<group>"; };
		94EB3EBA2CA5FED800F29608 /* MathOperandsView.swift */ = {isa = PBXFileReference; lastKnownFileType = sourcecode.swift; path = MathOperandsView.swift; sourceTree = "<group>"; };
		94EB3EBC2CA7421400F29608 /* TimerLineView.swift */ = {isa = PBXFileReference; lastKnownFileType = sourcecode.swift; path = TimerLineView.swift; sourceTree = "<group>"; };
		94EB3EBE2CA749BE00F29608 /* OperationPreview.swift */ = {isa = PBXFileReference; lastKnownFileType = sourcecode.swift; path = OperationPreview.swift; sourceTree = "<group>"; };
/* End PBXFileReference section */

/* Begin PBXFrameworksBuildPhase section */
		94EB3E752CA5820B00F29608 /* Frameworks */ = {
			isa = PBXFrameworksBuildPhase;
			buildActionMask = 2147483647;
			files = (
				94C2E23E2CAB434400AEE0EE /* GoogleMobileAds in Frameworks */,
			);
			runOnlyForDeploymentPostprocessing = 0;
		};
		94EB3E872CA5820C00F29608 /* Frameworks */ = {
			isa = PBXFrameworksBuildPhase;
			buildActionMask = 2147483647;
			files = (
			);
			runOnlyForDeploymentPostprocessing = 0;
		};
		94EB3E912CA5820C00F29608 /* Frameworks */ = {
			isa = PBXFrameworksBuildPhase;
			buildActionMask = 2147483647;
			files = (
			);
			runOnlyForDeploymentPostprocessing = 0;
		};
/* End PBXFrameworksBuildPhase section */

/* Begin PBXGroup section */
		94077A982CAA28AE00F7ABD9 /* Scores */ = {
			isa = PBXGroup;
			children = (
				94077A992CAA28BC00F7ABD9 /* ScoresListView.swift */,
				94C2E2372CAAE78300AEE0EE /* ScoreForm.swift */,
			);
			path = Scores;
			sourceTree = "<group>";
		};
		942B38D42CB3FFBD00863F90 /* Audio */ = {
			isa = PBXGroup;
			children = (
				942B38D72CB406BC00863F90 /* times_up.mp3 */,
				942B38D52CB401A100863F90 /* success_sound.mp3 */,
				94B21D792D7F7F29002170C1 /* tap_sound.mp3 */,
			);
			path = Audio;
			sourceTree = "<group>";
		};
		94C2E2392CAAF26A00AEE0EE /* Settings */ = {
			isa = PBXGroup;
			children = (
				94C2E23A2CAAF27600AEE0EE /* SettingsForm.swift */,
			);
			path = Settings;
			sourceTree = "<group>";
		};
		94C2E2402CAB46D100AEE0EE /* Ad */ = {
			isa = PBXGroup;
			children = (
				94C2E2412CAB46DE00AEE0EE /* RewardViewModel.swift */,
			);
			path = Ad;
			sourceTree = "<group>";
		};
		94C2E2432CAB495E00AEE0EE /* AdModal */ = {
			isa = PBXGroup;
			children = (
				94C2E2442CAB497200AEE0EE /* AdModalView.swift */,
			);
			path = AdModal;
			sourceTree = "<group>";
		};
		94EB3E6F2CA5820B00F29608 = {
			isa = PBXGroup;
			children = (
				94EB3E7A2CA5820B00F29608 /* MathMatch */,
				94EB3E8D2CA5820C00F29608 /* MathMatchTests */,
				94EB3E972CA5820C00F29608 /* MathMatchUITests */,
				94EB3E792CA5820B00F29608 /* Products */,
			);
			sourceTree = "<group>";
		};
		94EB3E792CA5820B00F29608 /* Products */ = {
			isa = PBXGroup;
			children = (
				94EB3E782CA5820B00F29608 /* MathMixer.app */,
				94EB3E8A2CA5820C00F29608 /* MathMixerTests.xctest */,
				94EB3E942CA5820C00F29608 /* MathMixerUITests.xctest */,
			);
			name = Products;
			sourceTree = "<group>";
		};
		94EB3E7A2CA5820B00F29608 /* MathMatch */ = {
			isa = PBXGroup;
			children = (
				942B38D42CB3FFBD00863F90 /* Audio */,
				94C2E2402CAB46D100AEE0EE /* Ad */,
				94C2E23F2CAB455100AEE0EE /* Info.plist */,
				94EB3EAD2CA58E9200F29608 /* GameManager */,
				94EB3EAA2CA58A3E00F29608 /* Components */,
				94EB3EA72CA5829B00F29608 /* Screens */,
				94EB3E7B2CA5820B00F29608 /* MathMatchApp.swift */,
				94EB3E7D2CA5820B00F29608 /* ContentView.swift */,
				94EB3E7F2CA5820B00F29608 /* Score.swift */,
				94EB3E812CA5820C00F29608 /* Assets.xcassets */,
				94EB3E832CA5820C00F29608 /* Preview Content */,
			);
			path = MathMatch;
			sourceTree = "<group>";
		};
		94EB3E832CA5820C00F29608 /* Preview Content */ = {
			isa = PBXGroup;
			children = (
				94EB3E842CA5820C00F29608 /* Preview Assets.xcassets */,
			);
			path = "Preview Content";
			sourceTree = "<group>";
		};
		94EB3E8D2CA5820C00F29608 /* MathMatchTests */ = {
			isa = PBXGroup;
			children = (
				94EB3E8E2CA5820C00F29608 /* MathMatchTests.swift */,
			);
			path = MathMatchTests;
			sourceTree = "<group>";
		};
		94EB3E972CA5820C00F29608 /* MathMatchUITests */ = {
			isa = PBXGroup;
			children = (
				94EB3E982CA5820C00F29608 /* MathMatchUITests.swift */,
				94EB3E9A2CA5820C00F29608 /* MathMatchUITestsLaunchTests.swift */,
			);
			path = MathMatchUITests;
			sourceTree = "<group>";
		};
		94EB3EA72CA5829B00F29608 /* Screens */ = {
			isa = PBXGroup;
			children = (
				94C2E2432CAB495E00AEE0EE /* AdModal */,
				94C2E2392CAAF26A00AEE0EE /* Settings */,
				94077A982CAA28AE00F7ABD9 /* Scores */,
				94EB3EB52CA599E800F29608 /* Game */,
				94EB3EA82CA582C100F29608 /* TitleScreen.swift */,
				94EB3EB02CA5915000F29608 /* GameScreen.swift */,
				94EB3EB22CA5919F00F29608 /* ScoreboardScreen.swift */,
				943864ED2CACAD3000B44D25 /* InfoScreen.swift */,
			);
			path = Screens;
			sourceTree = "<group>";
		};
		94EB3EAA2CA58A3E00F29608 /* Components */ = {
			isa = PBXGroup;
			children = (
				94EB3EAB2CA58A5900F29608 /* CustomButton.swift */,
			);
			path = Components;
			sourceTree = "<group>";
		};
		94EB3EAD2CA58E9200F29608 /* GameManager */ = {
			isa = PBXGroup;
			children = (
				94EB3EAE2CA58EA200F29608 /* GameManager.swift */,
			);
			path = GameManager;
			sourceTree = "<group>";
		};
		94EB3EB52CA599E800F29608 /* Game */ = {
			isa = PBXGroup;
			children = (
				94EB3EB62CA599F000F29608 /* GameGridView.swift */,
				94EB3EBA2CA5FED800F29608 /* MathOperandsView.swift */,
				94EB3EBC2CA7421400F29608 /* TimerLineView.swift */,
				94EB3EBE2CA749BE00F29608 /* OperationPreview.swift */,
				9454FC8A2CA85225007026F3 /* GameOver.swift */,
			);
			path = Game;
			sourceTree = "<group>";
		};
/* End PBXGroup section */

/* Begin PBXNativeTarget section */
		94EB3E772CA5820B00F29608 /* MathMixer */ = {
			isa = PBXNativeTarget;
			buildConfigurationList = 94EB3E9E2CA5820C00F29608 /* Build configuration list for PBXNativeTarget "MathMixer" */;
			buildPhases = (
				94EB3E742CA5820B00F29608 /* Sources */,
				94EB3E752CA5820B00F29608 /* Frameworks */,
				94EB3E762CA5820B00F29608 /* Resources */,
			);
			buildRules = (
			);
			dependencies = (
			);
			name = MathMixer;
			packageProductDependencies = (
				94C2E23D2CAB434400AEE0EE /* GoogleMobileAds */,
			);
			productName = MathMatch;
			productReference = 94EB3E782CA5820B00F29608 /* MathMixer.app */;
			productType = "com.apple.product-type.application";
		};
		94EB3E892CA5820C00F29608 /* MathMixerTests */ = {
			isa = PBXNativeTarget;
			buildConfigurationList = 94EB3EA12CA5820C00F29608 /* Build configuration list for PBXNativeTarget "MathMixerTests" */;
			buildPhases = (
				94EB3E862CA5820C00F29608 /* Sources */,
				94EB3E872CA5820C00F29608 /* Frameworks */,
				94EB3E882CA5820C00F29608 /* Resources */,
			);
			buildRules = (
			);
			dependencies = (
				94EB3E8C2CA5820C00F29608 /* PBXTargetDependency */,
			);
			name = MathMixerTests;
			productName = MathMatchTests;
			productReference = 94EB3E8A2CA5820C00F29608 /* MathMixerTests.xctest */;
			productType = "com.apple.product-type.bundle.unit-test";
		};
		94EB3E932CA5820C00F29608 /* MathMixerUITests */ = {
			isa = PBXNativeTarget;
			buildConfigurationList = 94EB3EA42CA5820C00F29608 /* Build configuration list for PBXNativeTarget "MathMixerUITests" */;
			buildPhases = (
				94EB3E902CA5820C00F29608 /* Sources */,
				94EB3E912CA5820C00F29608 /* Frameworks */,
				94EB3E922CA5820C00F29608 /* Resources */,
			);
			buildRules = (
			);
			dependencies = (
				94EB3E962CA5820C00F29608 /* PBXTargetDependency */,
			);
			name = MathMixerUITests;
			productName = MathMatchUITests;
			productReference = 94EB3E942CA5820C00F29608 /* MathMixerUITests.xctest */;
			productType = "com.apple.product-type.bundle.ui-testing";
		};
/* End PBXNativeTarget section */

/* Begin PBXProject section */
		94EB3E702CA5820B00F29608 /* Project object */ = {
			isa = PBXProject;
			attributes = {
				BuildIndependentTargetsInParallel = 1;
				LastSwiftUpdateCheck = 1540;
				LastUpgradeCheck = 1540;
				TargetAttributes = {
					94EB3E772CA5820B00F29608 = {
						CreatedOnToolsVersion = 15.4;
					};
					94EB3E892CA5820C00F29608 = {
						CreatedOnToolsVersion = 15.4;
						TestTargetID = 94EB3E772CA5820B00F29608;
					};
					94EB3E932CA5820C00F29608 = {
						CreatedOnToolsVersion = 15.4;
						TestTargetID = 94EB3E772CA5820B00F29608;
					};
				};
			};
			buildConfigurationList = 94EB3E732CA5820B00F29608 /* Build configuration list for PBXProject "MathMixer" */;
			compatibilityVersion = "Xcode 14.0";
			developmentRegion = en;
			hasScannedForEncodings = 0;
			knownRegions = (
				en,
				Base,
			);
			mainGroup = 94EB3E6F2CA5820B00F29608;
			packageReferences = (
				94C2E23C2CAB434400AEE0EE /* XCRemoteSwiftPackageReference "swift-package-manager-google-mobile-ads" */,
			);
			productRefGroup = 94EB3E792CA5820B00F29608 /* Products */;
			projectDirPath = "";
			projectRoot = "";
			targets = (
				94EB3E772CA5820B00F29608 /* MathMixer */,
				94EB3E892CA5820C00F29608 /* MathMixerTests */,
				94EB3E932CA5820C00F29608 /* MathMixerUITests */,
			);
		};
/* End PBXProject section */

/* Begin PBXResourcesBuildPhase section */
		94EB3E762CA5820B00F29608 /* Resources */ = {
			isa = PBXResourcesBuildPhase;
			buildActionMask = 2147483647;
			files = (
				942B38D82CB406BC00863F90 /* times_up.mp3 in Resources */,
				94B21D7A2D7F7F29002170C1 /* tap_sound.mp3 in Resources */,
				94EB3E852CA5820C00F29608 /* Preview Assets.xcassets in Resources */,
				94EB3E822CA5820C00F29608 /* Assets.xcassets in Resources */,
				942B38D62CB401A100863F90 /* success_sound.mp3 in Resources */,
			);
			runOnlyForDeploymentPostprocessing = 0;
		};
		94EB3E882CA5820C00F29608 /* Resources */ = {
			isa = PBXResourcesBuildPhase;
			buildActionMask = 2147483647;
			files = (
			);
			runOnlyForDeploymentPostprocessing = 0;
		};
		94EB3E922CA5820C00F29608 /* Resources */ = {
			isa = PBXResourcesBuildPhase;
			buildActionMask = 2147483647;
			files = (
			);
			runOnlyForDeploymentPostprocessing = 0;
		};
/* End PBXResourcesBuildPhase section */

/* Begin PBXSourcesBuildPhase section */
		94EB3E742CA5820B00F29608 /* Sources */ = {
			isa = PBXSourcesBuildPhase;
			buildActionMask = 2147483647;
			files = (
				94C2E2422CAB46DE00AEE0EE /* RewardViewModel.swift in Sources */,
				94EB3EBF2CA749BE00F29608 /* OperationPreview.swift in Sources */,
				94EB3E7E2CA5820B00F29608 /* ContentView.swift in Sources */,
				94C2E23B2CAAF27600AEE0EE /* SettingsForm.swift in Sources */,
				94EB3EAF2CA58EA200F29608 /* GameManager.swift in Sources */,
				943864EE2CACAD3000B44D25 /* InfoScreen.swift in Sources */,
				94C2E2452CAB497200AEE0EE /* AdModalView.swift in Sources */,
				9454FC8B2CA85225007026F3 /* GameOver.swift in Sources */,
				94EB3EBB2CA5FED800F29608 /* MathOperandsView.swift in Sources */,
				94EB3EB72CA599F000F29608 /* GameGridView.swift in Sources */,
				94C2E2382CAAE78300AEE0EE /* ScoreForm.swift in Sources */,
				94EB3E802CA5820B00F29608 /* Score.swift in Sources */,
				94077A9A2CAA28BC00F7ABD9 /* ScoresListView.swift in Sources */,
				94EB3EBD2CA7421400F29608 /* TimerLineView.swift in Sources */,
				94EB3EA92CA582C100F29608 /* TitleScreen.swift in Sources */,
				94EB3E7C2CA5820B00F29608 /* MathMatchApp.swift in Sources */,
				94EB3EB32CA5919F00F29608 /* ScoreboardScreen.swift in Sources */,
				94EB3EB12CA5915000F29608 /* GameScreen.swift in Sources */,
				94EB3EAC2CA58A5900F29608 /* CustomButton.swift in Sources */,
			);
			runOnlyForDeploymentPostprocessing = 0;
		};
		94EB3E862CA5820C00F29608 /* Sources */ = {
			isa = PBXSourcesBuildPhase;
			buildActionMask = 2147483647;
			files = (
				94EB3E8F2CA5820C00F29608 /* MathMatchTests.swift in Sources */,
			);
			runOnlyForDeploymentPostprocessing = 0;
		};
		94EB3E902CA5820C00F29608 /* Sources */ = {
			isa = PBXSourcesBuildPhase;
			buildActionMask = 2147483647;
			files = (
				94EB3E9B2CA5820C00F29608 /* MathMatchUITestsLaunchTests.swift in Sources */,
				94EB3E992CA5820C00F29608 /* MathMatchUITests.swift in Sources */,
			);
			runOnlyForDeploymentPostprocessing = 0;
		};
/* End PBXSourcesBuildPhase section */

/* Begin PBXTargetDependency section */
		94EB3E8C2CA5820C00F29608 /* PBXTargetDependency */ = {
			isa = PBXTargetDependency;
			target = 94EB3E772CA5820B00F29608 /* MathMixer */;
			targetProxy = 94EB3E8B2CA5820C00F29608 /* PBXContainerItemProxy */;
		};
		94EB3E962CA5820C00F29608 /* PBXTargetDependency */ = {
			isa = PBXTargetDependency;
			target = 94EB3E772CA5820B00F29608 /* MathMixer */;
			targetProxy = 94EB3E952CA5820C00F29608 /* PBXContainerItemProxy */;
		};
/* End PBXTargetDependency section */

/* Begin XCBuildConfiguration section */
		94EB3E9C2CA5820C00F29608 /* Debug */ = {
			isa = XCBuildConfiguration;
			buildSettings = {
				ALWAYS_SEARCH_USER_PATHS = NO;
				ASSETCATALOG_COMPILER_GENERATE_SWIFT_ASSET_SYMBOL_EXTENSIONS = YES;
				CLANG_ANALYZER_NONNULL = YES;
				CLANG_ANALYZER_NUMBER_OBJECT_CONVERSION = YES_AGGRESSIVE;
				CLANG_CXX_LANGUAGE_STANDARD = "gnu++20";
				CLANG_ENABLE_MODULES = YES;
				CLANG_ENABLE_OBJC_ARC = YES;
				CLANG_ENABLE_OBJC_WEAK = YES;
				CLANG_WARN_BLOCK_CAPTURE_AUTORELEASING = YES;
				CLANG_WARN_BOOL_CONVERSION = YES;
				CLANG_WARN_COMMA = YES;
				CLANG_WARN_CONSTANT_CONVERSION = YES;
				CLANG_WARN_DEPRECATED_OBJC_IMPLEMENTATIONS = YES;
				CLANG_WARN_DIRECT_OBJC_ISA_USAGE = YES_ERROR;
				CLANG_WARN_DOCUMENTATION_COMMENTS = YES;
				CLANG_WARN_EMPTY_BODY = YES;
				CLANG_WARN_ENUM_CONVERSION = YES;
				CLANG_WARN_INFINITE_RECURSION = YES;
				CLANG_WARN_INT_CONVERSION = YES;
				CLANG_WARN_NON_LITERAL_NULL_CONVERSION = YES;
				CLANG_WARN_OBJC_IMPLICIT_RETAIN_SELF = YES;
				CLANG_WARN_OBJC_LITERAL_CONVERSION = YES;
				CLANG_WARN_OBJC_ROOT_CLASS = YES_ERROR;
				CLANG_WARN_QUOTED_INCLUDE_IN_FRAMEWORK_HEADER = YES;
				CLANG_WARN_RANGE_LOOP_ANALYSIS = YES;
				CLANG_WARN_STRICT_PROTOTYPES = YES;
				CLANG_WARN_SUSPICIOUS_MOVE = YES;
				CLANG_WARN_UNGUARDED_AVAILABILITY = YES_AGGRESSIVE;
				CLANG_WARN_UNREACHABLE_CODE = YES;
				CLANG_WARN__DUPLICATE_METHOD_MATCH = YES;
				COPY_PHASE_STRIP = NO;
				DEBUG_INFORMATION_FORMAT = dwarf;
				ENABLE_STRICT_OBJC_MSGSEND = YES;
				ENABLE_TESTABILITY = YES;
				ENABLE_USER_SCRIPT_SANDBOXING = YES;
				GCC_C_LANGUAGE_STANDARD = gnu17;
				GCC_DYNAMIC_NO_PIC = NO;
				GCC_NO_COMMON_BLOCKS = YES;
				GCC_OPTIMIZATION_LEVEL = 0;
				GCC_PREPROCESSOR_DEFINITIONS = (
					"DEBUG=1",
					"$(inherited)",
				);
				GCC_WARN_64_TO_32_BIT_CONVERSION = YES;
				GCC_WARN_ABOUT_RETURN_TYPE = YES_ERROR;
				GCC_WARN_UNDECLARED_SELECTOR = YES;
				GCC_WARN_UNINITIALIZED_AUTOS = YES_AGGRESSIVE;
				GCC_WARN_UNUSED_FUNCTION = YES;
				GCC_WARN_UNUSED_VARIABLE = YES;
				IPHONEOS_DEPLOYMENT_TARGET = 17.5;
				LOCALIZATION_PREFERS_STRING_CATALOGS = YES;
				MTL_ENABLE_DEBUG_INFO = INCLUDE_SOURCE;
				MTL_FAST_MATH = YES;
				ONLY_ACTIVE_ARCH = YES;
				SDKROOT = iphoneos;
				SWIFT_ACTIVE_COMPILATION_CONDITIONS = "DEBUG $(inherited)";
				SWIFT_OPTIMIZATION_LEVEL = "-Onone";
			};
			name = Debug;
		};
		94EB3E9D2CA5820C00F29608 /* Release */ = {
			isa = XCBuildConfiguration;
			buildSettings = {
				ALWAYS_SEARCH_USER_PATHS = NO;
				ASSETCATALOG_COMPILER_GENERATE_SWIFT_ASSET_SYMBOL_EXTENSIONS = YES;
				CLANG_ANALYZER_NONNULL = YES;
				CLANG_ANALYZER_NUMBER_OBJECT_CONVERSION = YES_AGGRESSIVE;
				CLANG_CXX_LANGUAGE_STANDARD = "gnu++20";
				CLANG_ENABLE_MODULES = YES;
				CLANG_ENABLE_OBJC_ARC = YES;
				CLANG_ENABLE_OBJC_WEAK = YES;
				CLANG_WARN_BLOCK_CAPTURE_AUTORELEASING = YES;
				CLANG_WARN_BOOL_CONVERSION = YES;
				CLANG_WARN_COMMA = YES;
				CLANG_WARN_CONSTANT_CONVERSION = YES;
				CLANG_WARN_DEPRECATED_OBJC_IMPLEMENTATIONS = YES;
				CLANG_WARN_DIRECT_OBJC_ISA_USAGE = YES_ERROR;
				CLANG_WARN_DOCUMENTATION_COMMENTS = YES;
				CLANG_WARN_EMPTY_BODY = YES;
				CLANG_WARN_ENUM_CONVERSION = YES;
				CLANG_WARN_INFINITE_RECURSION = YES;
				CLANG_WARN_INT_CONVERSION = YES;
				CLANG_WARN_NON_LITERAL_NULL_CONVERSION = YES;
				CLANG_WARN_OBJC_IMPLICIT_RETAIN_SELF = YES;
				CLANG_WARN_OBJC_LITERAL_CONVERSION = YES;
				CLANG_WARN_OBJC_ROOT_CLASS = YES_ERROR;
				CLANG_WARN_QUOTED_INCLUDE_IN_FRAMEWORK_HEADER = YES;
				CLANG_WARN_RANGE_LOOP_ANALYSIS = YES;
				CLANG_WARN_STRICT_PROTOTYPES = YES;
				CLANG_WARN_SUSPICIOUS_MOVE = YES;
				CLANG_WARN_UNGUARDED_AVAILABILITY = YES_AGGRESSIVE;
				CLANG_WARN_UNREACHABLE_CODE = YES;
				CLANG_WARN__DUPLICATE_METHOD_MATCH = YES;
				COPY_PHASE_STRIP = NO;
				DEBUG_INFORMATION_FORMAT = "dwarf-with-dsym";
				ENABLE_NS_ASSERTIONS = NO;
				ENABLE_STRICT_OBJC_MSGSEND = YES;
				ENABLE_USER_SCRIPT_SANDBOXING = YES;
				GCC_C_LANGUAGE_STANDARD = gnu17;
				GCC_NO_COMMON_BLOCKS = YES;
				GCC_WARN_64_TO_32_BIT_CONVERSION = YES;
				GCC_WARN_ABOUT_RETURN_TYPE = YES_ERROR;
				GCC_WARN_UNDECLARED_SELECTOR = YES;
				GCC_WARN_UNINITIALIZED_AUTOS = YES_AGGRESSIVE;
				GCC_WARN_UNUSED_FUNCTION = YES;
				GCC_WARN_UNUSED_VARIABLE = YES;
				IPHONEOS_DEPLOYMENT_TARGET = 17.5;
				LOCALIZATION_PREFERS_STRING_CATALOGS = YES;
				MTL_ENABLE_DEBUG_INFO = NO;
				MTL_FAST_MATH = YES;
				SDKROOT = iphoneos;
				SWIFT_COMPILATION_MODE = wholemodule;
				VALIDATE_PRODUCT = YES;
			};
			name = Release;
		};
		94EB3E9F2CA5820C00F29608 /* Debug */ = {
			isa = XCBuildConfiguration;
			buildSettings = {
				ASSETCATALOG_COMPILER_APPICON_NAME = AppIcon;
				ASSETCATALOG_COMPILER_GLOBAL_ACCENT_COLOR_NAME = AccentColor;
				CODE_SIGN_STYLE = Automatic;
				CURRENT_PROJECT_VERSION = 1;
				DEVELOPMENT_ASSET_PATHS = "\"MathMatch/Preview Content\"";
				DEVELOPMENT_TEAM = 52H32YPBGS;
				ENABLE_PREVIEWS = YES;
				GENERATE_INFOPLIST_FILE = YES;
				INFOPLIST_FILE = MathMatch/Info.plist;
				INFOPLIST_KEY_CFBundleDisplayName = MathMixer;
				INFOPLIST_KEY_LSApplicationCategoryType = "public.app-category.puzzle-games";
				INFOPLIST_KEY_UIApplicationSceneManifest_Generation = YES;
				INFOPLIST_KEY_UIApplicationSupportsIndirectInputEvents = YES;
				INFOPLIST_KEY_UILaunchScreen_Generation = YES;
				INFOPLIST_KEY_UISupportedInterfaceOrientations = UIInterfaceOrientationPortrait;
				INFOPLIST_KEY_UISupportedInterfaceOrientations_iPad = "UIInterfaceOrientationLandscapeLeft UIInterfaceOrientationLandscapeRight UIInterfaceOrientationPortrait UIInterfaceOrientationPortraitUpsideDown";
				LD_RUNPATH_SEARCH_PATHS = (
					"$(inherited)",
					"@executable_path/Frameworks",
				);
				MARKETING_VERSION = 1.0;
				PRODUCT_BUNDLE_IDENTIFIER = com.mathmixer.mga;
				PRODUCT_NAME = "$(TARGET_NAME)";
				SWIFT_EMIT_LOC_STRINGS = YES;
				SWIFT_VERSION = 5.0;
				TARGETED_DEVICE_FAMILY = "1,2";
			};
			name = Debug;
		};
		94EB3EA02CA5820C00F29608 /* Release */ = {
			isa = XCBuildConfiguration;
			buildSettings = {
				ASSETCATALOG_COMPILER_APPICON_NAME = AppIcon;
				ASSETCATALOG_COMPILER_GLOBAL_ACCENT_COLOR_NAME = AccentColor;
				CODE_SIGN_STYLE = Automatic;
				CURRENT_PROJECT_VERSION = 1;
				DEVELOPMENT_ASSET_PATHS = "\"MathMatch/Preview Content\"";
				DEVELOPMENT_TEAM = 52H32YPBGS;
				ENABLE_PREVIEWS = YES;
				GENERATE_INFOPLIST_FILE = YES;
				INFOPLIST_FILE = MathMatch/Info.plist;
				INFOPLIST_KEY_CFBundleDisplayName = MathMixer;
				INFOPLIST_KEY_LSApplicationCategoryType = "public.app-category.puzzle-games";
				INFOPLIST_KEY_UIApplicationSceneManifest_Generation = YES;
				INFOPLIST_KEY_UIApplicationSupportsIndirectInputEvents = YES;
				INFOPLIST_KEY_UILaunchScreen_Generation = YES;
				INFOPLIST_KEY_UISupportedInterfaceOrientations = UIInterfaceOrientationPortrait;
				INFOPLIST_KEY_UISupportedInterfaceOrientations_iPad = "UIInterfaceOrientationLandscapeLeft UIInterfaceOrientationLandscapeRight UIInterfaceOrientationPortrait UIInterfaceOrientationPortraitUpsideDown";
				LD_RUNPATH_SEARCH_PATHS = (
					"$(inherited)",
					"@executable_path/Frameworks",
				);
				MARKETING_VERSION = 1.0;
				PRODUCT_BUNDLE_IDENTIFIER = com.mathmixer.mga;
				PRODUCT_NAME = "$(TARGET_NAME)";
				SWIFT_EMIT_LOC_STRINGS = YES;
				SWIFT_VERSION = 5.0;
				TARGETED_DEVICE_FAMILY = "1,2";
			};
			name = Release;
		};
		94EB3EA22CA5820C00F29608 /* Debug */ = {
			isa = XCBuildConfiguration;
			buildSettings = {
				ALWAYS_EMBED_SWIFT_STANDARD_LIBRARIES = YES;
				BUNDLE_LOADER = "$(TEST_HOST)";
				CODE_SIGN_STYLE = Automatic;
				CURRENT_PROJECT_VERSION = 1;
				DEVELOPMENT_TEAM = 52H32YPBGS;
				GENERATE_INFOPLIST_FILE = YES;
				IPHONEOS_DEPLOYMENT_TARGET = 17.5;
				MARKETING_VERSION = 1.0;
				PRODUCT_BUNDLE_IDENTIFIER = com.mathmixer.mga.MathMixerTests;
				PRODUCT_NAME = "$(TARGET_NAME)";
				SWIFT_EMIT_LOC_STRINGS = NO;
				SWIFT_VERSION = 5.0;
				TARGETED_DEVICE_FAMILY = "1,2";
				TEST_HOST = "$(BUILT_PRODUCTS_DIR)/MathMatcher.app/$(BUNDLE_EXECUTABLE_FOLDER_PATH)/MathMatcher";
			};
			name = Debug;
		};
		94EB3EA32CA5820C00F29608 /* Release */ = {
			isa = XCBuildConfiguration;
			buildSettings = {
				ALWAYS_EMBED_SWIFT_STANDARD_LIBRARIES = YES;
				BUNDLE_LOADER = "$(TEST_HOST)";
				CODE_SIGN_STYLE = Automatic;
				CURRENT_PROJECT_VERSION = 1;
				DEVELOPMENT_TEAM = 52H32YPBGS;
				GENERATE_INFOPLIST_FILE = YES;
				IPHONEOS_DEPLOYMENT_TARGET = 17.5;
				MARKETING_VERSION = 1.0;
				PRODUCT_BUNDLE_IDENTIFIER = com.mathmixer.mga.MathMixerTests;
				PRODUCT_NAME = "$(TARGET_NAME)";
				SWIFT_EMIT_LOC_STRINGS = NO;
				SWIFT_VERSION = 5.0;
				TARGETED_DEVICE_FAMILY = "1,2";
				TEST_HOST = "$(BUILT_PRODUCTS_DIR)/MathMatcher.app/$(BUNDLE_EXECUTABLE_FOLDER_PATH)/MathMatcher";
			};
			name = Release;
		};
		94EB3EA52CA5820C00F29608 /* Debug */ = {
			isa = XCBuildConfiguration;
			buildSettings = {
				ALWAYS_EMBED_SWIFT_STANDARD_LIBRARIES = YES;
				CODE_SIGN_STYLE = Automatic;
				CURRENT_PROJECT_VERSION = 1;
				DEVELOPMENT_TEAM = 52H32YPBGS;
				GENERATE_INFOPLIST_FILE = YES;
				MARKETING_VERSION = 1.0;
				PRODUCT_BUNDLE_IDENTIFIER = com.mathmixer.mga.MathMixerUITests;
				PRODUCT_NAME = "$(TARGET_NAME)";
				SWIFT_EMIT_LOC_STRINGS = NO;
				SWIFT_VERSION = 5.0;
				TARGETED_DEVICE_FAMILY = "1,2";
				TEST_TARGET_NAME = MathMatch;
			};
			name = Debug;
		};
		94EB3EA62CA5820C00F29608 /* Release */ = {
			isa = XCBuildConfiguration;
			buildSettings = {
				ALWAYS_EMBED_SWIFT_STANDARD_LIBRARIES = YES;
				CODE_SIGN_STYLE = Automatic;
				CURRENT_PROJECT_VERSION = 1;
				DEVELOPMENT_TEAM = 52H32YPBGS;
				GENERATE_INFOPLIST_FILE = YES;
				MARKETING_VERSION = 1.0;
				PRODUCT_BUNDLE_IDENTIFIER = com.mathmixer.mga.MathMixerUITests;
				PRODUCT_NAME = "$(TARGET_NAME)";
				SWIFT_EMIT_LOC_STRINGS = NO;
				SWIFT_VERSION = 5.0;
				TARGETED_DEVICE_FAMILY = "1,2";
				TEST_TARGET_NAME = MathMatch;
			};
			name = Release;
		};
/* End XCBuildConfiguration section */

/* Begin XCConfigurationList section */
		94EB3E732CA5820B00F29608 /* Build configuration list for PBXProject "MathMixer" */ = {
			isa = XCConfigurationList;
			buildConfigurations = (
				94EB3E9C2CA5820C00F29608 /* Debug */,
				94EB3E9D2CA5820C00F29608 /* Release */,
			);
			defaultConfigurationIsVisible = 0;
			defaultConfigurationName = Release;
		};
		94EB3E9E2CA5820C00F29608 /* Build configuration list for PBXNativeTarget "MathMixer" */ = {
			isa = XCConfigurationList;
			buildConfigurations = (
				94EB3E9F2CA5820C00F29608 /* Debug */,
				94EB3EA02CA5820C00F29608 /* Release */,
			);
			defaultConfigurationIsVisible = 0;
			defaultConfigurationName = Release;
		};
		94EB3EA12CA5820C00F29608 /* Build configuration list for PBXNativeTarget "MathMixerTests" */ = {
			isa = XCConfigurationList;
			buildConfigurations = (
				94EB3EA22CA5820C00F29608 /* Debug */,
				94EB3EA32CA5820C00F29608 /* Release */,
			);
			defaultConfigurationIsVisible = 0;
			defaultConfigurationName = Release;
		};
		94EB3EA42CA5820C00F29608 /* Build configuration list for PBXNativeTarget "MathMixerUITests" */ = {
			isa = XCConfigurationList;
			buildConfigurations = (
				94EB3EA52CA5820C00F29608 /* Debug */,
				94EB3EA62CA5820C00F29608 /* Release */,
			);
			defaultConfigurationIsVisible = 0;
			defaultConfigurationName = Release;
		};
/* End XCConfigurationList section */

/* Begin XCRemoteSwiftPackageReference section */
		94C2E23C2CAB434400AEE0EE /* XCRemoteSwiftPackageReference "swift-package-manager-google-mobile-ads" */ = {
			isa = XCRemoteSwiftPackageReference;
			repositoryURL = "https://github.com/googleads/swift-package-manager-google-mobile-ads.git";
			requirement = {
				kind = upToNextMajorVersion;
				minimumVersion = 11.10.0;
			};
		};
/* End XCRemoteSwiftPackageReference section */

/* Begin XCSwiftPackageProductDependency section */
		94C2E23D2CAB434400AEE0EE /* GoogleMobileAds */ = {
			isa = XCSwiftPackageProductDependency;
			package = 94C2E23C2CAB434400AEE0EE /* XCRemoteSwiftPackageReference "swift-package-manager-google-mobile-ads" */;
			productName = GoogleMobileAds;
		};
/* End XCSwiftPackageProductDependency section */
	};
	rootObject = 94EB3E702CA5820B00F29608 /* Project object */;
}
